
Microsoft Visual Studio Solution File, Format Version 12.00
# Visual Studio 14
VisualStudioVersion = 14.0.23107.0
MinimumVisualStudioVersion = 10.0.40219.1
Project("{FAE04EC0-301F-11D3-BF4B-00C04F79EFBC}") = "MoveAndClickMouse", "MoveAndClickMouse\MoveAndClickMouse.csproj", "{9400B479-D159-4A54-885B-E9750D1D3590}"
EndProject
Project("{FAE04EC0-301F-11D3-BF4B-00C04F79EFBC}") = "UInew", "UInew\UInew.csproj", "{F4805F8F-1731-4349-A437-3EE284C6A8AB}"
EndProject
Global
	GlobalSection(SolutionConfigurationPlatforms) = preSolution
		Debug|Any CPU = Debug|Any CPU
		Release|Any CPU = Release|Any CPU
	EndGlobalSection
	GlobalSection(ProjectConfigurationPlatforms) = postSolution
		{9400B479-D159-4A54-885B-E9750D1D3590}.Debug|Any CPU.ActiveCfg = Debug|Any CPU
		{9400B479-D159-4A54-885B-E9750D1D3590}.Debug|Any CPU.Build.0 = Debug|Any CPU
		{9400B479-D159-4A54-885B-E9750D1D3590}.Release|Any CPU.ActiveCfg = Release|Any CPU
		{9400B479-D159-4A54-885B-E9750D1D3590}.Release|Any CPU.Build.0 = Release|Any CPU
		{F4805F8F-1731-4349-A437-3EE284C6A8AB}.Debug|Any CPU.ActiveCfg = Debug|Any CPU
		{F4805F8F-1731-4349-A437-3EE284C6A8AB}.Debug|Any CPU.Build.0 = Debug|Any CPU
		{F4805F8F-1731-4349-A437-3EE284C6A8AB}.Release|Any CPU.ActiveCfg = Release|Any CPU
		{F4805F8F-1731-4349-A437-3EE284C6A8AB}.Release|Any CPU.Build.0 = Release|Any CPU
	EndGlobalSection
	GlobalSection(SolutionProperties) = preSolution
		HideSolutionNode = FALSE
	EndGlobalSection
EndGlobal
